
Microsoft Visual Studio Solution File, Format Version 12.00
# Visual Studio Version 16
VisualStudioVersion = 16.0.32428.217
MinimumVisualStudioVersion = 10.0.40219.1
Project("{8BC9CEB8-8B4A-11D0-8D11-00A0C91BC942}") = "wandeyyregion", "wandeyyregion\wandeyyregion.vcxproj", "{24FF5504-837D-4DBA-8941-7B89D62A619A}"
EndProject
Global
	GlobalSection(SolutionConfigurationPlatforms) = preSolution
		Debug|x64 = Debug|x64
		Debug|x86 = Debug|x86
		Release|x64 = Release|x64
		Release|x86 = Release|x86
	EndGlobalSection
	GlobalSection(ProjectConfigurationPlatforms) = postSolution
		{24FF5504-837D-4DBA-8941-7B89D62A619A}.Debug|x64.ActiveCfg = Debug|x64
		{24FF5504-837D-4DBA-8941-7B89D62A619A}.Debug|x64.Build.0 = Debug|x64
		{24FF5504-837D-4DBA-8941-7B89D62A619A}.Debug|x86.ActiveCfg = Debug|Win32
		{24FF5504-837D-4DBA-8941-7B89D62A619A}.Debug|x86.Build.0 = Debug|Win32
		{24FF5504-837D-4DBA-8941-7B89D62A619A}.Release|x64.ActiveCfg = Release|x64
		{24FF5504-837D-4DBA-8941-7B89D62A619A}.Release|x64.Build.0 = Release|x64
		{24FF5504-837D-4DBA-8941-7B89D62A619A}.Release|x86.ActiveCfg = Release|Win32
		{24FF5504-837D-4DBA-8941-7B89D62A619A}.Release|x86.Build.0 = Release|Win32
	EndGlobalSection
	GlobalSection(SolutionProperties) = preSolution
		HideSolutionNode = FALSE
	EndGlobalSection
	GlobalSection(ExtensibilityGlobals) = postSolution
		SolutionGuid = {2F1438B9-B742-4E94-BC6E-3C31B1A13DFB}
	EndGlobalSection
EndGlobal
